
Microsoft Visual Studio Solution File, Format Version 12.00
# Visual Studio 14
VisualStudioVersion = 14.0.25420.1
MinimumVisualStudioVersion = 10.0.40219.1
Project("{FAE04EC0-301F-11D3-BF4B-00C04F79EFBC}") = "webApp", "webApp\webApp.csproj", "{A5AF3F11-42CD-4930-8F91-CB076E5D86EA}"
EndProject
Project("{FAE04EC0-301F-11D3-BF4B-00C04F79EFBC}") = "WordTemplate", "..\WordTemplate\WordTemplate\WordTemplate.csproj", "{D83144ED-47B7-4CC9-80A5-0B81356058E1}"
EndProject
Global
	GlobalSection(SolutionConfigurationPlatforms) = preSolution
		Debug|Any CPU = Debug|Any CPU
		Release|Any CPU = Release|Any CPU
	EndGlobalSection
	GlobalSection(ProjectConfigurationPlatforms) = postSolution
		{A5AF3F11-42CD-4930-8F91-CB076E5D86EA}.Debug|Any CPU.ActiveCfg = Debug|Any CPU
		{A5AF3F11-42CD-4930-8F91-CB076E5D86EA}.Debug|Any CPU.Build.0 = Debug|Any CPU
		{A5AF3F11-42CD-4930-8F91-CB076E5D86EA}.Release|Any CPU.ActiveCfg = Release|Any CPU
		{A5AF3F11-42CD-4930-8F91-CB076E5D86EA}.Release|Any CPU.Build.0 = Release|Any CPU
		{D83144ED-47B7-4CC9-80A5-0B81356058E1}.Debug|Any CPU.ActiveCfg = Debug|Any CPU
		{D83144ED-47B7-4CC9-80A5-0B81356058E1}.Debug|Any CPU.Build.0 = Debug|Any CPU
		{D83144ED-47B7-4CC9-80A5-0B81356058E1}.Release|Any CPU.ActiveCfg = Release|Any CPU
		{D83144ED-47B7-4CC9-80A5-0B81356058E1}.Release|Any CPU.Build.0 = Release|Any CPU
	EndGlobalSection
	GlobalSection(SolutionProperties) = preSolution
		HideSolutionNode = FALSE
	EndGlobalSection
EndGlobal
